
Microsoft Visual Studio Solution File, Format Version 12.00
# Visual Studio Version 16
VisualStudioVersion = 16.0.31702.278
MinimumVisualStudioVersion = 10.0.40219.1
Project("{FAE04EC0-301F-11D3-BF4B-00C04F79EFBC}") = "NoteApp", "NoteApp\NoteApp.csproj", "{59EC1B02-E6A8-4ED9-85BE-9E9A25B4A8A2}"
EndProject
Project("{2150E333-8FDC-42A3-9474-1A3956D46DE8}") = "Tests", "Tests", "{2E476B7C-49BC-4EAC-9496-0065E2E0ECA5}"
EndProject
Project("{FAE04EC0-301F-11D3-BF4B-00C04F79EFBC}") = "NoteApp.UnitTests", "Tests\NoteAppUnitTests\NoteApp.UnitTests.csproj", "{AD6D8E2D-5DD3-4752-97BC-F0832E0B42A8}"
EndProject
Project("{FAE04EC0-301F-11D3-BF4B-00C04F79EFBC}") = "Installer", "Installer\Installer.csproj", "{46931D1B-77AC-4C87-B923-6C5EB0373D04}"
EndProject
Project("{FAE04EC0-301F-11D3-BF4B-00C04F79EFBC}") = "NoteAppUI", "NoteAppUI\NoteAppUI.csproj", "{7ABDFA5A-0B13-48B6-B970-AE03E3422E0B}"
EndProject
Project("{2150E333-8FDC-42A3-9474-1A3956D46DE8}") = "Documents", "Documents", "{78B7B497-5EA4-46C3-A046-5E4024E8E407}"
	ProjectSection(SolutionItems) = preProject
		Documents\Calendar Plan.docx = Documents\Calendar Plan.docx
		Documents\Explanation List.docx = Documents\Explanation List.docx
		Documents\Retrospective.docx = Documents\Retrospective.docx
	EndProjectSection
EndProject
Global
	GlobalSection(SolutionConfigurationPlatforms) = preSolution
		Debug|Any CPU = Debug|Any CPU
		Release|Any CPU = Release|Any CPU
	EndGlobalSection
	GlobalSection(ProjectConfigurationPlatforms) = postSolution
		{59EC1B02-E6A8-4ED9-85BE-9E9A25B4A8A2}.Debug|Any CPU.ActiveCfg = Debug|Any CPU
		{59EC1B02-E6A8-4ED9-85BE-9E9A25B4A8A2}.Debug|Any CPU.Build.0 = Debug|Any CPU
		{59EC1B02-E6A8-4ED9-85BE-9E9A25B4A8A2}.Release|Any CPU.ActiveCfg = Release|Any CPU
		{59EC1B02-E6A8-4ED9-85BE-9E9A25B4A8A2}.Release|Any CPU.Build.0 = Release|Any CPU
		{AD6D8E2D-5DD3-4752-97BC-F0832E0B42A8}.Debug|Any CPU.ActiveCfg = Debug|Any CPU
		{AD6D8E2D-5DD3-4752-97BC-F0832E0B42A8}.Debug|Any CPU.Build.0 = Debug|Any CPU
		{AD6D8E2D-5DD3-4752-97BC-F0832E0B42A8}.Release|Any CPU.ActiveCfg = Release|Any CPU
		{AD6D8E2D-5DD3-4752-97BC-F0832E0B42A8}.Release|Any CPU.Build.0 = Release|Any CPU
		{46931D1B-77AC-4C87-B923-6C5EB0373D04}.Debug|Any CPU.ActiveCfg = Debug|Any CPU
		{46931D1B-77AC-4C87-B923-6C5EB0373D04}.Debug|Any CPU.Build.0 = Debug|Any CPU
		{46931D1B-77AC-4C87-B923-6C5EB0373D04}.Release|Any CPU.ActiveCfg = Release|Any CPU
		{46931D1B-77AC-4C87-B923-6C5EB0373D04}.Release|Any CPU.Build.0 = Release|Any CPU
		{7ABDFA5A-0B13-48B6-B970-AE03E3422E0B}.Debug|Any CPU.ActiveCfg = Debug|Any CPU
		{7ABDFA5A-0B13-48B6-B970-AE03E3422E0B}.Debug|Any CPU.Build.0 = Debug|Any CPU
		{7ABDFA5A-0B13-48B6-B970-AE03E3422E0B}.Release|Any CPU.ActiveCfg = Release|Any CPU
		{7ABDFA5A-0B13-48B6-B970-AE03E3422E0B}.Release|Any CPU.Build.0 = Release|Any CPU
	EndGlobalSection
	GlobalSection(SolutionProperties) = preSolution
		HideSolutionNode = FALSE
	EndGlobalSection
	GlobalSection(NestedProjects) = preSolution
		{AD6D8E2D-5DD3-4752-97BC-F0832E0B42A8} = {2E476B7C-49BC-4EAC-9496-0065E2E0ECA5}
	EndGlobalSection
	GlobalSection(ExtensibilityGlobals) = postSolution
		SolutionGuid = {927DEEFF-46A7-444E-BBCE-028FFEF85ABF}
	EndGlobalSection
EndGlobal
